Microsoft Visual Studio Solution File, Format Version 12.00
# Visual Studio Version 17
VisualStudioVersion = 17.5.2.0
MinimumVisualStudioVersion = 10.0.40219.1
Project("{2150E333-8FDC-42A3-9474-1A3956D46DE8}") = "src", "src", "{827E0CD3-B72D-47B6-A68D-7590B98EB39B}"
EndProject
Project("{2150E333-8FDC-42A3-9474-1A3956D46DE8}") = "BuildingBlocks", "BuildingBlocks", "{90298CBA-BD6F-3A0A-69D5-97CAD7B05E7E}"
EndProject
Project("{FAE04EC0-301F-11D3-BF4B-00C04F79EFBC}") = "Blazor.UI", "src\BuildingBlocks\Blazor.UI\Blazor.UI.csproj", "{B612E6F1-FBCF-14EE-D632-B87F8B5D7884}"
EndProject
Project("{FAE04EC0-301F-11D3-BF4B-00C04F79EFBC}") = "Caching", "src\BuildingBlocks\Caching\Caching.csproj", "{901C5C9E-E925-8627-03E1-5FA8F1EC2C7F}"
EndProject
Project("{FAE04EC0-301F-11D3-BF4B-00C04F79EFBC}") = "Core", "src\BuildingBlocks\Core\Core.csproj", "{D93554D6-44A5-31EF-02D5-B5F97F00C915}"
EndProject
Project("{FAE04EC0-301F-11D3-BF4B-00C04F79EFBC}") = "Eventing", "src\BuildingBlocks\Eventing\Eventing.csproj", "{2D7E22B1-B72C-6569-6725-9F78B6F1877B}"
EndProject
Project("{FAE04EC0-301F-11D3-BF4B-00C04F79EFBC}") = "Eventing.Abstractions", "src\BuildingBlocks\Eventing.Abstractions\Eventing.Abstractions.csproj", "{F825320C-1FE8-BFD1-0F02-64B1677362CB}"
EndProject
Project("{FAE04EC0-301F-11D3-BF4B-00C04F79EFBC}") = "Jobs", "src\BuildingBlocks\Jobs\Jobs.csproj", "{158CB615-F068-3437-8F95-9EA9F4161FFE}"
EndProject
Project("{FAE04EC0-301F-11D3-BF4B-00C04F79EFBC}") = "Mailing", "src\BuildingBlocks\Mailing\Mailing.csproj", "{52E4D23B-DE45-EE67-729C-E57D32D3EA2D}"
EndProject
Project("{FAE04EC0-301F-11D3-BF4B-00C04F79EFBC}") = "Persistence", "src\BuildingBlocks\Persistence\Persistence.csproj", "{AE692CBB-789B-EC24-912D-4467495B5C7D}"
EndProject
Project("{FAE04EC0-301F-11D3-BF4B-00C04F79EFBC}") = "Shared", "src\BuildingBlocks\Shared\Shared.csproj", "{727FAA75-1BAE-D337-1854-9FDEE0D1BB37}"
EndProject
Project("{FAE04EC0-301F-11D3-BF4B-00C04F79EFBC}") = "Storage", "src\BuildingBlocks\Storage\Storage.csproj", "{94536245-9322-BBD2-A4AE-1E6FCFBB3D50}"
EndProject
Project("{FAE04EC0-301F-11D3-BF4B-00C04F79EFBC}") = "Web", "src\BuildingBlocks\Web\Web.csproj", "{24B427B7-D17B-3A55-15EB-CD9F01B7D960}"
EndProject
Project("{2150E333-8FDC-42A3-9474-1A3956D46DE8}") = "Playground", "Playground", "{DD2E34D7-CE95-3BC7-E860-2C2827134A59}"
EndProject
Project("{FAE04EC0-301F-11D3-BF4B-00C04F79EFBC}") = "AMIS.Playground.AppHost", "src\Playground\AMIS.Playground.AppHost\AMIS.Playground.AppHost.csproj", "{C9C6BBEC-84BC-FDDF-BDB3-B50521FFAD3A}"
EndProject
Project("{FAE04EC0-301F-11D3-BF4B-00C04F79EFBC}") = "Migrations.PostgreSQL", "src\Playground\Migrations.PostgreSQL\Migrations.PostgreSQL.csproj", "{9A37164F-C18C-CFAE-A716-32CF322A180B}"
EndProject
Project("{FAE04EC0-301F-11D3-BF4B-00C04F79EFBC}") = "Playground.Api", "src\Playground\Playground.Api\Playground.Api.csproj", "{5EA987BE-1A15-AE1B-6128-A1C04809BF34}"
EndProject
Project("{FAE04EC0-301F-11D3-BF4B-00C04F79EFBC}") = "Playground.Blazor", "src\Playground\Playground.Blazor\Playground.Blazor.csproj", "{5850E77C-B32E-E00F-4824-DC9338086D21}"
EndProject
Project("{2150E333-8FDC-42A3-9474-1A3956D46DE8}") = "Tests", "Tests", "{CEA09484-30F6-4D44-02F6-822E06DBC57C}"
EndProject
Project("{FAE04EC0-301F-11D3-BF4B-00C04F79EFBC}") = "Architecture.Tests", "src\Tests\Architecture.Tests\Architecture.Tests.csproj", "{38760A54-42B9-1C6A-F8FE-D4736F8850B6}"
EndProject
Project("{FAE04EC0-301F-11D3-BF4B-00C04F79EFBC}") = "Auditing.Tests", "src\Tests\Auditing.Tests\Auditing.Tests.csproj", "{8832696E-0531-7E1A-18B0-1940FED97E77}"
EndProject
Project("{FAE04EC0-301F-11D3-BF4B-00C04F79EFBC}") = "Expendable.Tests", "src\Tests\Expendable.Tests\Expendable.Tests.csproj", "{FDE7C314-3C81-9B12-F710-D76883191C8E}"
EndProject
Project("{FAE04EC0-301F-11D3-BF4B-00C04F79EFBC}") = "Generic.Tests", "src\Tests\Generic.Tests\Generic.Tests.csproj", "{3DFE27D5-9352-2076-2D32-DF36001D1A14}"
EndProject
Project("{FAE04EC0-301F-11D3-BF4B-00C04F79EFBC}") = "Identity.Tests", "src\Tests\Identity.Tests\Identity.Tests.csproj", "{248079DF-CEA2-749D-1705-C68DFD68CC7A}"
EndProject
Project("{FAE04EC0-301F-11D3-BF4B-00C04F79EFBC}") = "Multitenancy.Tests", "src\Tests\Multitenancy.Tests\Multitenancy.Tests.csproj", "{00B29ED9-AB24-F4F0-614E-F016C030995B}"
EndProject
Project("{FAE04EC0-301F-11D3-BF4B-00C04F79EFBC}") = "Vehicle.Tests", "src\Tests\Vehicle.Tests\Vehicle.Tests.csproj", "{C6434542-6357-E8DB-F0D1-3928B406EFC4}"
EndProject
Project("{2150E333-8FDC-42A3-9474-1A3956D46DE8}") = "Tools", "Tools", "{DCB6FCB8-FF92-AC57-0842-1F72A354D6B1}"
EndProject
Project("{2150E333-8FDC-42A3-9474-1A3956D46DE8}") = "CLI", "CLI", "{595A8DF0-35C1-37D1-FB29-EFF5A1762FCD}"
EndProject
Project("{FAE04EC0-301F-11D3-BF4B-00C04F79EFBC}") = "AMIS.CLI", "src\Tools\CLI\AMIS.CLI.csproj", "{0BA0E142-5F91-A37B-7DDB-4B35079B4DC1}"
EndProject
Project("{2150E333-8FDC-42A3-9474-1A3956D46DE8}") = "Modules", "Modules", "{EC447DCF-ABFA-6E24-52A5-D7FD48A5C558}"
EndProject
Project("{2150E333-8FDC-42A3-9474-1A3956D46DE8}") = "Auditing", "Auditing", "{5B7C77CB-6378-A4C3-91FB-D682616ECDD1}"
EndProject
Project("{FAE04EC0-301F-11D3-BF4B-00C04F79EFBC}") = "Modules.Auditing", "src\Modules\Auditing\Modules.Auditing\Modules.Auditing.csproj", "{C0D8FC35-AE5D-452B-A31F-4FCCBC66F7D6}"
EndProject
Project("{FAE04EC0-301F-11D3-BF4B-00C04F79EFBC}") = "Modules.Auditing.Contracts", "src\Modules\Auditing\Modules.Auditing.Contracts\Modules.Auditing.Contracts.csproj", "{13F64D77-C859-D489-31A7-3CECF31706CF}"
EndProject
Project("{2150E333-8FDC-42A3-9474-1A3956D46DE8}") = "Expendable", "Expendable", "{AE4F359F-9D12-022A-88EE-4202FE8CF465}"
EndProject
Project("{FAE04EC0-301F-11D3-BF4B-00C04F79EFBC}") = "Modules.Expendable", "src\Modules\Expendable\Modules.Expendable\Modules.Expendable.csproj", "{DA885BA1-7718-A12A-0130-0D4F7B13CEF2}"
EndProject
Project("{FAE04EC0-301F-11D3-BF4B-00C04F79EFBC}") = "Modules.Expendable.Contracts", "src\Modules\Expendable\Modules.Expendable.Contracts\Modules.Expendable.Contracts.csproj", "{AA2D4A10-21D3-7CD4-1CE0-09A79E33931D}"
EndProject
Project("{2150E333-8FDC-42A3-9474-1A3956D46DE8}") = "Identity", "Identity", "{0EC62A1A-9858-3A60-8A0C-FC9AACFA2EC7}"
EndProject
Project("{FAE04EC0-301F-11D3-BF4B-00C04F79EFBC}") = "Modules.Identity", "src\Modules\Identity\Modules.Identity\Modules.Identity.csproj", "{63959208-4A1E-1066-610A-28DB82747151}"
EndProject
Project("{FAE04EC0-301F-11D3-BF4B-00C04F79EFBC}") = "Modules.Identity.Contracts", "src\Modules\Identity\Modules.Identity.Contracts\Modules.Identity.Contracts.csproj", "{F1C73BE5-59C1-36E7-52FD-74B76AD95924}"
EndProject
Project("{2150E333-8FDC-42A3-9474-1A3956D46DE8}") = "MasterData", "MasterData", "{6FDB54B8-73D0-7269-6E77-B8ECD406ADFA}"
EndProject
Project("{FAE04EC0-301F-11D3-BF4B-00C04F79EFBC}") = "Modules.MasterData", "src\Modules\MasterData\Modules.MasterData\Modules.MasterData.csproj", "{F41AF129-8159-B162-CF56-B785932B8543}"
EndProject
Project("{FAE04EC0-301F-11D3-BF4B-00C04F79EFBC}") = "Modules.MasterData.Contracts", "src\Modules\MasterData\Modules.MasterData.Contracts\Modules.MasterData.Contracts.csproj", "{20DE7773-ADC4-58EF-43CF-F08A836B7F39}"
EndProject
Project("{2150E333-8FDC-42A3-9474-1A3956D46DE8}") = "Multitenancy", "Multitenancy", "{2D627630-2733-20C6-1887-2A779E80693E}"
EndProject
Project("{FAE04EC0-301F-11D3-BF4B-00C04F79EFBC}") = "Modules.Multitenancy", "src\Modules\Multitenancy\Modules.Multitenancy\Modules.Multitenancy.csproj", "{DF187790-7138-75FA-9AB6-EF7C0043E6CF}"
EndProject
Project("{FAE04EC0-301F-11D3-BF4B-00C04F79EFBC}") = "Modules.Multitenancy.Contracts", "src\Modules\Multitenancy\Modules.Multitenancy.Contracts\Modules.Multitenancy.Contracts.csproj", "{4FADDB1C-437E-0D50-CE18-E944B139BA76}"
EndProject
Project("{2150E333-8FDC-42A3-9474-1A3956D46DE8}") = "Vehicle", "Vehicle", "{A64175F6-D054-87AC-1CC7-8EC2F2D119BA}"
EndProject
Project("{FAE04EC0-301F-11D3-BF4B-00C04F79EFBC}") = "Modules.Vehicle", "src\Modules\Vehicle\Modules.Vehicle\Modules.Vehicle.csproj", "{ED857746-2DF5-5524-65BF-68A571E0A4C6}"
EndProject
Project("{FAE04EC0-301F-11D3-BF4B-00C04F79EFBC}") = "Modules.Vehicle.Contracts", "src\Modules\Vehicle\Modules.Vehicle.Contracts\Modules.Vehicle.Contracts.csproj", "{BD387280-F718-C0C1-7641-365C0CE3FDFE}"
EndProject
Global
	GlobalSection(SolutionConfigurationPlatforms) = preSolution
		Debug|Any CPU = Debug|Any CPU
		Release|Any CPU = Release|Any CPU
	EndGlobalSection
	GlobalSection(ProjectConfigurationPlatforms) = postSolution
		{B612E6F1-FBCF-14EE-D632-B87F8B5D7884}.Debug|Any CPU.ActiveCfg = Debug|Any CPU
		{B612E6F1-FBCF-14EE-D632-B87F8B5D7884}.Debug|Any CPU.Build.0 = Debug|Any CPU
		{B612E6F1-FBCF-14EE-D632-B87F8B5D7884}.Release|Any CPU.ActiveCfg = Release|Any CPU
		{B612E6F1-FBCF-14EE-D632-B87F8B5D7884}.Release|Any CPU.Build.0 = Release|Any CPU
		{901C5C9E-E925-8627-03E1-5FA8F1EC2C7F}.Debug|Any CPU.ActiveCfg = Debug|Any CPU
		{901C5C9E-E925-8627-03E1-5FA8F1EC2C7F}.Debug|Any CPU.Build.0 = Debug|Any CPU
		{901C5C9E-E925-8627-03E1-5FA8F1EC2C7F}.Release|Any CPU.ActiveCfg = Release|Any CPU
		{901C5C9E-E925-8627-03E1-5FA8F1EC2C7F}.Release|Any CPU.Build.0 = Release|Any CPU
		{D93554D6-44A5-31EF-02D5-B5F97F00C915}.Debug|Any CPU.ActiveCfg = Debug|Any CPU
		{D93554D6-44A5-31EF-02D5-B5F97F00C915}.Debug|Any CPU.Build.0 = Debug|Any CPU
		{D93554D6-44A5-31EF-02D5-B5F97F00C915}.Release|Any CPU.ActiveCfg = Release|Any CPU
		{D93554D6-44A5-31EF-02D5-B5F97F00C915}.Release|Any CPU.Build.0 = Release|Any CPU
		{2D7E22B1-B72C-6569-6725-9F78B6F1877B}.Debug|Any CPU.ActiveCfg = Debug|Any CPU
		{2D7E22B1-B72C-6569-6725-9F78B6F1877B}.Debug|Any CPU.Build.0 = Debug|Any CPU
		{2D7E22B1-B72C-6569-6725-9F78B6F1877B}.Release|Any CPU.ActiveCfg = Release|Any CPU
		{2D7E22B1-B72C-6569-6725-9F78B6F1877B}.Release|Any CPU.Build.0 = Release|Any CPU
		{F825320C-1FE8-BFD1-0F02-64B1677362CB}.Debug|Any CPU.ActiveCfg = Debug|Any CPU
		{F825320C-1FE8-BFD1-0F02-64B1677362CB}.Debug|Any CPU.Build.0 = Debug|Any CPU
		{F825320C-1FE8-BFD1-0F02-64B1677362CB}.Release|Any CPU.ActiveCfg = Release|Any CPU
		{F825320C-1FE8-BFD1-0F02-64B1677362CB}.Release|Any CPU.Build.0 = Release|Any CPU
		{158CB615-F068-3437-8F95-9EA9F4161FFE}.Debug|Any CPU.ActiveCfg = Debug|Any CPU
		{158CB615-F068-3437-8F95-9EA9F4161FFE}.Debug|Any CPU.Build.0 = Debug|Any CPU
		{158CB615-F068-3437-8F95-9EA9F4161FFE}.Release|Any CPU.ActiveCfg = Release|Any CPU
		{158CB615-F068-3437-8F95-9EA9F4161FFE}.Release|Any CPU.Build.0 = Release|Any CPU
		{52E4D23B-DE45-EE67-729C-E57D32D3EA2D}.Debug|Any CPU.ActiveCfg = Debug|Any CPU
		{52E4D23B-DE45-EE67-729C-E57D32D3EA2D}.Debug|Any CPU.Build.0 = Debug|Any CPU
		{52E4D23B-DE45-EE67-729C-E57D32D3EA2D}.Release|Any CPU.ActiveCfg = Release|Any CPU
		{52E4D23B-DE45-EE67-729C-E57D32D3EA2D}.Release|Any CPU.Build.0 = Release|Any CPU
		{AE692CBB-789B-EC24-912D-4467495B5C7D}.Debug|Any CPU.ActiveCfg = Debug|Any CPU
		{AE692CBB-789B-EC24-912D-4467495B5C7D}.Debug|Any CPU.Build.0 = Debug|Any CPU
		{AE692CBB-789B-EC24-912D-4467495B5C7D}.Release|Any CPU.ActiveCfg = Release|Any CPU
		{AE692CBB-789B-EC24-912D-4467495B5C7D}.Release|Any CPU.Build.0 = Release|Any CPU
		{727FAA75-1BAE-D337-1854-9FDEE0D1BB37}.Debug|Any CPU.ActiveCfg = Debug|Any CPU
		{727FAA75-1BAE-D337-1854-9FDEE0D1BB37}.Debug|Any CPU.Build.0 = Debug|Any CPU
		{727FAA75-1BAE-D337-1854-9FDEE0D1BB37}.Release|Any CPU.ActiveCfg = Release|Any CPU
		{727FAA75-1BAE-D337-1854-9FDEE0D1BB37}.Release|Any CPU.Build.0 = Release|Any CPU
		{94536245-9322-BBD2-A4AE-1E6FCFBB3D50}.Debug|Any CPU.ActiveCfg = Debug|Any CPU
		{94536245-9322-BBD2-A4AE-1E6FCFBB3D50}.Debug|Any CPU.Build.0 = Debug|Any CPU
		{94536245-9322-BBD2-A4AE-1E6FCFBB3D50}.Release|Any CPU.ActiveCfg = Release|Any CPU
		{94536245-9322-BBD2-A4AE-1E6FCFBB3D50}.Release|Any CPU.Build.0 = Release|Any CPU
		{24B427B7-D17B-3A55-15EB-CD9F01B7D960}.Debug|Any CPU.ActiveCfg = Debug|Any CPU
		{24B427B7-D17B-3A55-15EB-CD9F01B7D960}.Debug|Any CPU.Build.0 = Debug|Any CPU
		{24B427B7-D17B-3A55-15EB-CD9F01B7D960}.Release|Any CPU.ActiveCfg = Release|Any CPU
		{24B427B7-D17B-3A55-15EB-CD9F01B7D960}.Release|Any CPU.Build.0 = Release|Any CPU
		{C9C6BBEC-84BC-FDDF-BDB3-B50521FFAD3A}.Debug|Any CPU.ActiveCfg = Debug|Any CPU
		{C9C6BBEC-84BC-FDDF-BDB3-B50521FFAD3A}.Debug|Any CPU.Build.0 = Debug|Any CPU
		{C9C6BBEC-84BC-FDDF-BDB3-B50521FFAD3A}.Release|Any CPU.ActiveCfg = Release|Any CPU
		{C9C6BBEC-84BC-FDDF-BDB3-B50521FFAD3A}.Release|Any CPU.Build.0 = Release|Any CPU
		{9A37164F-C18C-CFAE-A716-32CF322A180B}.Debug|Any CPU.ActiveCfg = Debug|Any CPU
		{9A37164F-C18C-CFAE-A716-32CF322A180B}.Debug|Any CPU.Build.0 = Debug|Any CPU
		{9A37164F-C18C-CFAE-A716-32CF322A180B}.Release|Any CPU.ActiveCfg = Release|Any CPU
		{9A37164F-C18C-CFAE-A716-32CF322A180B}.Release|Any CPU.Build.0 = Release|Any CPU
		{5EA987BE-1A15-AE1B-6128-A1C04809BF34}.Debug|Any CPU.ActiveCfg = Debug|Any CPU
		{5EA987BE-1A15-AE1B-6128-A1C04809BF34}.Debug|Any CPU.Build.0 = Debug|Any CPU
		{5EA987BE-1A15-AE1B-6128-A1C04809BF34}.Release|Any CPU.ActiveCfg = Release|Any CPU
		{5EA987BE-1A15-AE1B-6128-A1C04809BF34}.Release|Any CPU.Build.0 = Release|Any CPU
		{5850E77C-B32E-E00F-4824-DC9338086D21}.Debug|Any CPU.ActiveCfg = Debug|Any CPU
		{5850E77C-B32E-E00F-4824-DC9338086D21}.Debug|Any CPU.Build.0 = Debug|Any CPU
		{5850E77C-B32E-E00F-4824-DC9338086D21}.Release|Any CPU.ActiveCfg = Release|Any CPU
		{5850E77C-B32E-E00F-4824-DC9338086D21}.Release|Any CPU.Build.0 = Release|Any CPU
		{38760A54-42B9-1C6A-F8FE-D4736F8850B6}.Debug|Any CPU.ActiveCfg = Debug|Any CPU
		{38760A54-42B9-1C6A-F8FE-D4736F8850B6}.Debug|Any CPU.Build.0 = Debug|Any CPU
		{38760A54-42B9-1C6A-F8FE-D4736F8850B6}.Release|Any CPU.ActiveCfg = Release|Any CPU
		{38760A54-42B9-1C6A-F8FE-D4736F8850B6}.Release|Any CPU.Build.0 = Release|Any CPU
		{8832696E-0531-7E1A-18B0-1940FED97E77}.Debug|Any CPU.ActiveCfg = Debug|Any CPU
		{8832696E-0531-7E1A-18B0-1940FED97E77}.Debug|Any CPU.Build.0 = Debug|Any CPU
		{8832696E-0531-7E1A-18B0-1940FED97E77}.Release|Any CPU.ActiveCfg = Release|Any CPU
		{8832696E-0531-7E1A-18B0-1940FED97E77}.Release|Any CPU.Build.0 = Release|Any CPU
		{FDE7C314-3C81-9B12-F710-D76883191C8E}.Debug|Any CPU.ActiveCfg = Debug|Any CPU
		{FDE7C314-3C81-9B12-F710-D76883191C8E}.Debug|Any CPU.Build.0 = Debug|Any CPU
		{FDE7C314-3C81-9B12-F710-D76883191C8E}.Release|Any CPU.ActiveCfg = Release|Any CPU
		{FDE7C314-3C81-9B12-F710-D76883191C8E}.Release|Any CPU.Build.0 = Release|Any CPU
		{3DFE27D5-9352-2076-2D32-DF36001D1A14}.Debug|Any CPU.ActiveCfg = Debug|Any CPU
		{3DFE27D5-9352-2076-2D32-DF36001D1A14}.Debug|Any CPU.Build.0 = Debug|Any CPU
		{3DFE27D5-9352-2076-2D32-DF36001D1A14}.Release|Any CPU.ActiveCfg = Release|Any CPU
		{3DFE27D5-9352-2076-2D32-DF36001D1A14}.Release|Any CPU.Build.0 = Release|Any CPU
		{248079DF-CEA2-749D-1705-C68DFD68CC7A}.Debug|Any CPU.ActiveCfg = Debug|Any CPU
		{248079DF-CEA2-749D-1705-C68DFD68CC7A}.Debug|Any CPU.Build.0 = Debug|Any CPU
		{248079DF-CEA2-749D-1705-C68DFD68CC7A}.Release|Any CPU.ActiveCfg = Release|Any CPU
		{248079DF-CEA2-749D-1705-C68DFD68CC7A}.Release|Any CPU.Build.0 = Release|Any CPU
		{00B29ED9-AB24-F4F0-614E-F016C030995B}.Debug|Any CPU.ActiveCfg = Debug|Any CPU
		{00B29ED9-AB24-F4F0-614E-F016C030995B}.Debug|Any CPU.Build.0 = Debug|Any CPU
		{00B29ED9-AB24-F4F0-614E-F016C030995B}.Release|Any CPU.ActiveCfg = Release|Any CPU
		{00B29ED9-AB24-F4F0-614E-F016C030995B}.Release|Any CPU.Build.0 = Release|Any CPU
		{C6434542-6357-E8DB-F0D1-3928B406EFC4}.Debug|Any CPU.ActiveCfg = Debug|Any CPU
		{C6434542-6357-E8DB-F0D1-3928B406EFC4}.Debug|Any CPU.Build.0 = Debug|Any CPU
		{C6434542-6357-E8DB-F0D1-3928B406EFC4}.Release|Any CPU.ActiveCfg = Release|Any CPU
		{C6434542-6357-E8DB-F0D1-3928B406EFC4}.Release|Any CPU.Build.0 = Release|Any CPU
		{0BA0E142-5F91-A37B-7DDB-4B35079B4DC1}.Debug|Any CPU.ActiveCfg = Debug|Any CPU
		{0BA0E142-5F91-A37B-7DDB-4B35079B4DC1}.Debug|Any CPU.Build.0 = Debug|Any CPU
		{0BA0E142-5F91-A37B-7DDB-4B35079B4DC1}.Release|Any CPU.ActiveCfg = Release|Any CPU
		{0BA0E142-5F91-A37B-7DDB-4B35079B4DC1}.Release|Any CPU.Build.0 = Release|Any CPU
		{C0D8FC35-AE5D-452B-A31F-4FCCBC66F7D6}.Debug|Any CPU.ActiveCfg = Debug|Any CPU
		{C0D8FC35-AE5D-452B-A31F-4FCCBC66F7D6}.Debug|Any CPU.Build.0 = Debug|Any CPU
		{C0D8FC35-AE5D-452B-A31F-4FCCBC66F7D6}.Release|Any CPU.ActiveCfg = Release|Any CPU
		{C0D8FC35-AE5D-452B-A31F-4FCCBC66F7D6}.Release|Any CPU.Build.0 = Release|Any CPU
		{13F64D77-C859-D489-31A7-3CECF31706CF}.Debug|Any CPU.ActiveCfg = Debug|Any CPU
		{13F64D77-C859-D489-31A7-3CECF31706CF}.Debug|Any CPU.Build.0 = Debug|Any CPU
		{13F64D77-C859-D489-31A7-3CECF31706CF}.Release|Any CPU.ActiveCfg = Release|Any CPU
		{13F64D77-C859-D489-31A7-3CECF31706CF}.Release|Any CPU.Build.0 = Release|Any CPU
		{DA885BA1-7718-A12A-0130-0D4F7B13CEF2}.Debug|Any CPU.ActiveCfg = Debug|Any CPU
		{DA885BA1-7718-A12A-0130-0D4F7B13CEF2}.Debug|Any CPU.Build.0 = Debug|Any CPU
		{DA885BA1-7718-A12A-0130-0D4F7B13CEF2}.Release|Any CPU.ActiveCfg = Release|Any CPU
		{DA885BA1-7718-A12A-0130-0D4F7B13CEF2}.Release|Any CPU.Build.0 = Release|Any CPU
		{AA2D4A10-21D3-7CD4-1CE0-09A79E33931D}.Debug|Any CPU.ActiveCfg = Debug|Any CPU
		{AA2D4A10-21D3-7CD4-1CE0-09A79E33931D}.Debug|Any CPU.Build.0 = Debug|Any CPU
		{AA2D4A10-21D3-7CD4-1CE0-09A79E33931D}.Release|Any CPU.ActiveCfg = Release|Any CPU
		{AA2D4A10-21D3-7CD4-1CE0-09A79E33931D}.Release|Any CPU.Build.0 = Release|Any CPU
		{63959208-4A1E-1066-610A-28DB82747151}.Debug|Any CPU.ActiveCfg = Debug|Any CPU
		{63959208-4A1E-1066-610A-28DB82747151}.Debug|Any CPU.Build.0 = Debug|Any CPU
		{63959208-4A1E-1066-610A-28DB82747151}.Release|Any CPU.ActiveCfg = Release|Any CPU
		{63959208-4A1E-1066-610A-28DB82747151}.Release|Any CPU.Build.0 = Release|Any CPU
		{F1C73BE5-59C1-36E7-52FD-74B76AD95924}.Debug|Any CPU.ActiveCfg = Debug|Any CPU
		{F1C73BE5-59C1-36E7-52FD-74B76AD95924}.Debug|Any CPU.Build.0 = Debug|Any CPU
		{F1C73BE5-59C1-36E7-52FD-74B76AD95924}.Release|Any CPU.ActiveCfg = Release|Any CPU
		{F1C73BE5-59C1-36E7-52FD-74B76AD95924}.Release|Any CPU.Build.0 = Release|Any CPU
		{F41AF129-8159-B162-CF56-B785932B8543}.Debug|Any CPU.ActiveCfg = Debug|Any CPU
		{F41AF129-8159-B162-CF56-B785932B8543}.Debug|Any CPU.Build.0 = Debug|Any CPU
		{F41AF129-8159-B162-CF56-B785932B8543}.Release|Any CPU.ActiveCfg = Release|Any CPU
		{F41AF129-8159-B162-CF56-B785932B8543}.Release|Any CPU.Build.0 = Release|Any CPU
		{20DE7773-ADC4-58EF-43CF-F08A836B7F39}.Debug|Any CPU.ActiveCfg = Debug|Any CPU
		{20DE7773-ADC4-58EF-43CF-F08A836B7F39}.Debug|Any CPU.Build.0 = Debug|Any CPU
		{20DE7773-ADC4-58EF-43CF-F08A836B7F39}.Release|Any CPU.ActiveCfg = Release|Any CPU
		{20DE7773-ADC4-58EF-43CF-F08A836B7F39}.Release|Any CPU.Build.0 = Release|Any CPU
		{DF187790-7138-75FA-9AB6-EF7C0043E6CF}.Debug|Any CPU.ActiveCfg = Debug|Any CPU
		{DF187790-7138-75FA-9AB6-EF7C0043E6CF}.Debug|Any CPU.Build.0 = Debug|Any CPU
		{DF187790-7138-75FA-9AB6-EF7C0043E6CF}.Release|Any CPU.ActiveCfg = Release|Any CPU
		{DF187790-7138-75FA-9AB6-EF7C0043E6CF}.Release|Any CPU.Build.0 = Release|Any CPU
		{4FADDB1C-437E-0D50-CE18-E944B139BA76}.Debug|Any CPU.ActiveCfg = Debug|Any CPU
		{4FADDB1C-437E-0D50-CE18-E944B139BA76}.Debug|Any CPU.Build.0 = Debug|Any CPU
		{4FADDB1C-437E-0D50-CE18-E944B139BA76}.Release|Any CPU.ActiveCfg = Release|Any CPU
		{4FADDB1C-437E-0D50-CE18-E944B139BA76}.Release|Any CPU.Build.0 = Release|Any CPU
		{ED857746-2DF5-5524-65BF-68A571E0A4C6}.Debug|Any CPU.ActiveCfg = Debug|Any CPU
		{ED857746-2DF5-5524-65BF-68A571E0A4C6}.Debug|Any CPU.Build.0 = Debug|Any CPU
		{ED857746-2DF5-5524-65BF-68A571E0A4C6}.Release|Any CPU.ActiveCfg = Release|Any CPU
		{ED857746-2DF5-5524-65BF-68A571E0A4C6}.Release|Any CPU.Build.0 = Release|Any CPU
		{BD387280-F718-C0C1-7641-365C0CE3FDFE}.Debug|Any CPU.ActiveCfg = Debug|Any CPU
		{BD387280-F718-C0C1-7641-365C0CE3FDFE}.Debug|Any CPU.Build.0 = Debug|Any CPU
		{BD387280-F718-C0C1-7641-365C0CE3FDFE}.Release|Any CPU.ActiveCfg = Release|Any CPU
		{BD387280-F718-C0C1-7641-365C0CE3FDFE}.Release|Any CPU.Build.0 = Release|Any CPU
	EndGlobalSection
	GlobalSection(SolutionProperties) = preSolution
		HideSolutionNode = FALSE
	EndGlobalSection
	GlobalSection(NestedProjects) = preSolution
		{90298CBA-BD6F-3A0A-69D5-97CAD7B05E7E} = {827E0CD3-B72D-47B6-A68D-7590B98EB39B}
		{B612E6F1-FBCF-14EE-D632-B87F8B5D7884} = {90298CBA-BD6F-3A0A-69D5-97CAD7B05E7E}
		{901C5C9E-E925-8627-03E1-5FA8F1EC2C7F} = {90298CBA-BD6F-3A0A-69D5-97CAD7B05E7E}
		{D93554D6-44A5-31EF-02D5-B5F97F00C915} = {90298CBA-BD6F-3A0A-69D5-97CAD7B05E7E}
		{2D7E22B1-B72C-6569-6725-9F78B6F1877B} = {90298CBA-BD6F-3A0A-69D5-97CAD7B05E7E}
		{F825320C-1FE8-BFD1-0F02-64B1677362CB} = {90298CBA-BD6F-3A0A-69D5-97CAD7B05E7E}
		{158CB615-F068-3437-8F95-9EA9F4161FFE} = {90298CBA-BD6F-3A0A-69D5-97CAD7B05E7E}
		{52E4D23B-DE45-EE67-729C-E57D32D3EA2D} = {90298CBA-BD6F-3A0A-69D5-97CAD7B05E7E}
		{AE692CBB-789B-EC24-912D-4467495B5C7D} = {90298CBA-BD6F-3A0A-69D5-97CAD7B05E7E}
		{727FAA75-1BAE-D337-1854-9FDEE0D1BB37} = {90298CBA-BD6F-3A0A-69D5-97CAD7B05E7E}
		{94536245-9322-BBD2-A4AE-1E6FCFBB3D50} = {90298CBA-BD6F-3A0A-69D5-97CAD7B05E7E}
		{24B427B7-D17B-3A55-15EB-CD9F01B7D960} = {90298CBA-BD6F-3A0A-69D5-97CAD7B05E7E}
		{DD2E34D7-CE95-3BC7-E860-2C2827134A59} = {827E0CD3-B72D-47B6-A68D-7590B98EB39B}
		{C9C6BBEC-84BC-FDDF-BDB3-B50521FFAD3A} = {DD2E34D7-CE95-3BC7-E860-2C2827134A59}
		{9A37164F-C18C-CFAE-A716-32CF322A180B} = {DD2E34D7-CE95-3BC7-E860-2C2827134A59}
		{5EA987BE-1A15-AE1B-6128-A1C04809BF34} = {DD2E34D7-CE95-3BC7-E860-2C2827134A59}
		{5850E77C-B32E-E00F-4824-DC9338086D21} = {DD2E34D7-CE95-3BC7-E860-2C2827134A59}
		{CEA09484-30F6-4D44-02F6-822E06DBC57C} = {827E0CD3-B72D-47B6-A68D-7590B98EB39B}
		{38760A54-42B9-1C6A-F8FE-D4736F8850B6} = {CEA09484-30F6-4D44-02F6-822E06DBC57C}
		{8832696E-0531-7E1A-18B0-1940FED97E77} = {CEA09484-30F6-4D44-02F6-822E06DBC57C}
		{FDE7C314-3C81-9B12-F710-D76883191C8E} = {CEA09484-30F6-4D44-02F6-822E06DBC57C}
		{3DFE27D5-9352-2076-2D32-DF36001D1A14} = {CEA09484-30F6-4D44-02F6-822E06DBC57C}
		{248079DF-CEA2-749D-1705-C68DFD68CC7A} = {CEA09484-30F6-4D44-02F6-822E06DBC57C}
		{00B29ED9-AB24-F4F0-614E-F016C030995B} = {CEA09484-30F6-4D44-02F6-822E06DBC57C}
		{C6434542-6357-E8DB-F0D1-3928B406EFC4} = {CEA09484-30F6-4D44-02F6-822E06DBC57C}
		{DCB6FCB8-FF92-AC57-0842-1F72A354D6B1} = {827E0CD3-B72D-47B6-A68D-7590B98EB39B}
		{595A8DF0-35C1-37D1-FB29-EFF5A1762FCD} = {DCB6FCB8-FF92-AC57-0842-1F72A354D6B1}
		{0BA0E142-5F91-A37B-7DDB-4B35079B4DC1} = {595A8DF0-35C1-37D1-FB29-EFF5A1762FCD}
		{EC447DCF-ABFA-6E24-52A5-D7FD48A5C558} = {827E0CD3-B72D-47B6-A68D-7590B98EB39B}
		{5B7C77CB-6378-A4C3-91FB-D682616ECDD1} = {EC447DCF-ABFA-6E24-52A5-D7FD48A5C558}
		{C0D8FC35-AE5D-452B-A31F-4FCCBC66F7D6} = {5B7C77CB-6378-A4C3-91FB-D682616ECDD1}
		{13F64D77-C859-D489-31A7-3CECF31706CF} = {5B7C77CB-6378-A4C3-91FB-D682616ECDD1}
		{AE4F359F-9D12-022A-88EE-4202FE8CF465} = {EC447DCF-ABFA-6E24-52A5-D7FD48A5C558}
		{DA885BA1-7718-A12A-0130-0D4F7B13CEF2} = {AE4F359F-9D12-022A-88EE-4202FE8CF465}
		{AA2D4A10-21D3-7CD4-1CE0-09A79E33931D} = {AE4F359F-9D12-022A-88EE-4202FE8CF465}
		{0EC62A1A-9858-3A60-8A0C-FC9AACFA2EC7} = {EC447DCF-ABFA-6E24-52A5-D7FD48A5C558}
		{63959208-4A1E-1066-610A-28DB82747151} = {0EC62A1A-9858-3A60-8A0C-FC9AACFA2EC7}
		{F1C73BE5-59C1-36E7-52FD-74B76AD95924} = {0EC62A1A-9858-3A60-8A0C-FC9AACFA2EC7}
		{6FDB54B8-73D0-7269-6E77-B8ECD406ADFA} = {EC447DCF-ABFA-6E24-52A5-D7FD48A5C558}
		{F41AF129-8159-B162-CF56-B785932B8543} = {6FDB54B8-73D0-7269-6E77-B8ECD406ADFA}
		{20DE7773-ADC4-58EF-43CF-F08A836B7F39} = {6FDB54B8-73D0-7269-6E77-B8ECD406ADFA}
		{2D627630-2733-20C6-1887-2A779E80693E} = {EC447DCF-ABFA-6E24-52A5-D7FD48A5C558}
		{DF187790-7138-75FA-9AB6-EF7C0043E6CF} = {2D627630-2733-20C6-1887-2A779E80693E}
		{4FADDB1C-437E-0D50-CE18-E944B139BA76} = {2D627630-2733-20C6-1887-2A779E80693E}
		{A64175F6-D054-87AC-1CC7-8EC2F2D119BA} = {EC447DCF-ABFA-6E24-52A5-D7FD48A5C558}
		{ED857746-2DF5-5524-65BF-68A571E0A4C6} = {A64175F6-D054-87AC-1CC7-8EC2F2D119BA}
		{BD387280-F718-C0C1-7641-365C0CE3FDFE} = {A64175F6-D054-87AC-1CC7-8EC2F2D119BA}
	EndGlobalSection
	GlobalSection(ExtensibilityGlobals) = postSolution
		SolutionGuid = {E39751CB-31A5-40ED-9CC7-5FA55CF31048}
	EndGlobalSection
EndGlobal
